
Microsoft Visual Studio Solution File, Format Version 12.00
# Visual Studio Version 16
VisualStudioVersion = 16.0.29905.134
MinimumVisualStudioVersion = 10.0.40219.1
Project("{9A19103F-16F7-4668-BE54-9A1E7A4F7556}") = "RiKeywords", "main\RiKeywordsUI\RiKeywords.csproj", "{01CDB225-F4E4-44A5-A23A-3A8F956D781C}"
EndProject
Global
	GlobalSection(SolutionConfigurationPlatforms) = preSolution
		Debug|Any CPU = Debug|Any CPU
		Release|Any CPU = Release|Any CPU
	EndGlobalSection
	GlobalSection(ProjectConfigurationPlatforms) = postSolution
		{01CDB225-F4E4-44A5-A23A-3A8F956D781C}.Debug|Any CPU.ActiveCfg = Debug|Any CPU
		{01CDB225-F4E4-44A5-A23A-3A8F956D781C}.Debug|Any CPU.Build.0 = Debug|Any CPU
		{01CDB225-F4E4-44A5-A23A-3A8F956D781C}.Release|Any CPU.ActiveCfg = Release|Any CPU
		{01CDB225-F4E4-44A5-A23A-3A8F956D781C}.Release|Any CPU.Build.0 = Release|Any CPU
	EndGlobalSection
	GlobalSection(SolutionProperties) = preSolution
		HideSolutionNode = FALSE
	EndGlobalSection
	GlobalSection(ExtensibilityGlobals) = postSolution
		SolutionGuid = {DFAA1E2C-8137-4C21-A3B9-286216B8929C}
	EndGlobalSection
EndGlobal
